
Microsoft Visual Studio Solution File, Format Version 12.00
# Visual Studio Version 17
VisualStudioVersion = 17.4.33205.214
MinimumVisualStudioVersion = 10.0.40219.1
Project("{FAE04EC0-301F-11D3-BF4B-00C04F79EFBC}") = "Day7PracticeCode", "Day7PracticeCode\Day7PracticeCode.csproj", "{28455D47-4EF0-4DE9-895D-F67C2F864592}"
EndProject
Global
	GlobalSection(SolutionConfigurationPlatforms) = preSolution
		Debug|Any CPU = Debug|Any CPU
		Release|Any CPU = Release|Any CPU
	EndGlobalSection
	GlobalSection(ProjectConfigurationPlatforms) = postSolution
		{28455D47-4EF0-4DE9-895D-F67C2F864592}.Debug|Any CPU.ActiveCfg = Debug|Any CPU
		{28455D47-4EF0-4DE9-895D-F67C2F864592}.Debug|Any CPU.Build.0 = Debug|Any CPU
		{28455D47-4EF0-4DE9-895D-F67C2F864592}.Release|Any CPU.ActiveCfg = Release|Any CPU
		{28455D47-4EF0-4DE9-895D-F67C2F864592}.Release|Any CPU.Build.0 = Release|Any CPU
	EndGlobalSection
	GlobalSection(SolutionProperties) = preSolution
		HideSolutionNode = FALSE
	EndGlobalSection
	GlobalSection(ExtensibilityGlobals) = postSolution
		SolutionGuid = {A4DD5A32-AD14-4252-B19B-F3E12AFA847D}
	EndGlobalSection
EndGlobal
